
Microsoft Visual Studio Solution File, Format Version 11.00
# Visual Studio 2010
Project("{8BC9CEB8-8B4A-11D0-8D11-00A0C91BC942}") = "Adcock_Project1", "Adcock_Project1\Adcock_Project1.vcxproj", "{D72F8AD2-FD2E-4DF7-80CF-89D4F3F33C32}"
EndProject
Global
	GlobalSection(SolutionConfigurationPlatforms) = preSolution
		Debug|Win32 = Debug|Win32
		Release|Win32 = Release|Win32
	EndGlobalSection
	GlobalSection(ProjectConfigurationPlatforms) = postSolution
		{D72F8AD2-FD2E-4DF7-80CF-89D4F3F33C32}.Debug|Win32.ActiveCfg = Debug|Win32
		{D72F8AD2-FD2E-4DF7-80CF-89D4F3F33C32}.Debug|Win32.Build.0 = Debug|Win32
		{D72F8AD2-FD2E-4DF7-80CF-89D4F3F33C32}.Release|Win32.ActiveCfg = Release|Win32
		{D72F8AD2-FD2E-4DF7-80CF-89D4F3F33C32}.Release|Win32.Build.0 = Release|Win32
	EndGlobalSection
	GlobalSection(SolutionProperties) = preSolution
		HideSolutionNode = FALSE
	EndGlobalSection
EndGlobal
